// !$*UTF8*$!
{
	archiveVersion = 1;
	classes = {
	};
	objectVersion = 50;
	objects = {

/* Begin PBXBuildFile section */
		110CAA7B215DB7A5006BC527 /* AppDelegate.swift in Sources */ = {isa = PBXBuildFile; fileRef = 110CAA7A215DB7A5006BC527 /* AppDelegate.swift */; };
		110CAA7D215DB7A5006BC527 /* ViewController.swift in Sources */ = {isa = PBXBuildFile; fileRef = 110CAA7C215DB7A5006BC527 /* ViewController.swift */; };
		110CAA80215DB7A5006BC527 /* Main.storyboard in Resources */ = {isa = PBXBuildFile; fileRef = 110CAA7E215DB7A5006BC527 /* Main.storyboard */; };
		110CAA82215DB7A7006BC527 /* Assets.xcassets in Resources */ = {isa = PBXBuildFile; fileRef = 110CAA81215DB7A7006BC527 /* Assets.xcassets */; };
		110CAA85215DB7A7006BC527 /* LaunchScreen.storyboard in Resources */ = {isa = PBXBuildFile; fileRef = 110CAA83215DB7A7006BC527 /* LaunchScreen.storyboard */; };
		1127EDB2217469CE003CA2C8 /* ZigZagConversionViewController.swift in Sources */ = {isa = PBXBuildFile; fileRef = 1127EDB1217469CE003CA2C8 /* ZigZagConversionViewController.swift */; };
		1128D7BF2175A81A00B0FD25 /* PalindromeNumberViewController.swift in Sources */ = {isa = PBXBuildFile; fileRef = 1128D7BD2175A81A00B0FD25 /* PalindromeNumberViewController.swift */; };
		1128D7C32175AFE700B0FD25 /* ContainerWithMostWaterViewController.swift in Sources */ = {isa = PBXBuildFile; fileRef = 1128D7C12175AFE600B0FD25 /* ContainerWithMostWaterViewController.swift */; };
		1128D7CA2176023100B0FD25 /* BinarySearchViewController.swift in Sources */ = {isa = PBXBuildFile; fileRef = 1128D7C92176023100B0FD25 /* BinarySearchViewController.swift */; };
		1128D7CC2176043700B0FD25 /* PoweringANumberViewController.swift in Sources */ = {isa = PBXBuildFile; fileRef = 1128D7CB2176043700B0FD25 /* PoweringANumberViewController.swift */; };
		1128D7D52176C83900B0FD25 /* StringsAndCharactersViewController.swift in Sources */ = {isa = PBXBuildFile; fileRef = 1128D7D42176C83900B0FD25 /* StringsAndCharactersViewController.swift */; };
		11BF2DEB216D980700060EA1 /* MultiplyStringsViewController.swift in Sources */ = {isa = PBXBuildFile; fileRef = 11BF2DEA216D980700060EA1 /* MultiplyStringsViewController.swift */; };
		11BF2DF9216EE32A00060EA1 /* RotateImageViewController.swift in Sources */ = {isa = PBXBuildFile; fileRef = 11BF2DF8216EE32A00060EA1 /* RotateImageViewController.swift */; };
		11BF2E02216F2D5F00060EA1 /* AddTwoNumbersViewController.swift in Sources */ = {isa = PBXBuildFile; fileRef = 11BF2E01216F2D5F00060EA1 /* AddTwoNumbersViewController.swift */; };
		11BF2E0421702CC700060EA1 /* LongestSubstringWithoutRepeatingCharactersViewController.swift in Sources */ = {isa = PBXBuildFile; fileRef = 11BF2E0321702CC700060EA1 /* LongestSubstringWithoutRepeatingCharactersViewController.swift */; };
		11BF2E062170334200060EA1 /* MaximumSubarrayViewController.swift in Sources */ = {isa = PBXBuildFile; fileRef = 11BF2E052170334200060EA1 /* MaximumSubarrayViewController.swift */; };
		11D05351215E07A7000E99FF /* MergeKSortedListsViewController.swift in Sources */ = {isa = PBXBuildFile; fileRef = 11D05350215E07A7000E99FF /* MergeKSortedListsViewController.swift */; };
		11F3711E215F145F00DD2206 /* TwoSumViewController.swift in Sources */ = {isa = PBXBuildFile; fileRef = 11F3711D215F145F00DD2206 /* TwoSumViewController.swift */; };
		11F37120215F1EB200DD2206 /* LongestPalindromicSubstringViewController.swift in Sources */ = {isa = PBXBuildFile; fileRef = 11F3711F215F1EB200DD2206 /* LongestPalindromicSubstringViewController.swift */; };
/* End PBXBuildFile section */

/* Begin PBXFileReference section */
		110CAA77215DB7A5006BC527 /* LeetCodeSolution.app */ = {isa = PBXFileReference; explicitFileType = wrapper.application; includeInIndex = 0; path = LeetCodeSolution.app; sourceTree = BUILT_PRODUCTS_DIR; };
		110CAA7A215DB7A5006BC527 /* AppDelegate.swift */ = {isa = PBXFileReference; lastKnownFileType = sourcecode.swift; path = AppDelegate.swift; sourceTree = "<group>"; };
		110CAA7C215DB7A5006BC527 /* ViewController.swift */ = {isa = PBXFileReference; lastKnownFileType = sourcecode.swift; path = ViewController.swift; sourceTree = "<group>"; };
		110CAA7F215DB7A5006BC527 /* Base */ = {isa = PBXFileReference; lastKnownFileType = file.storyboard; name = Base; path = Base.lproj/Main.storyboard; sourceTree = "<group>"; };
		110CAA81215DB7A7006BC527 /* Assets.xcassets */ = {isa = PBXFileReference; lastKnownFileType = folder.assetcatalog; path = Assets.xcassets; sourceTree = "<group>"; };
		110CAA84215DB7A7006BC527 /* Base */ = {isa = PBXFileReference; lastKnownFileType = file.storyboard; name = Base; path = Base.lproj/LaunchScreen.storyboard; sourceTree = "<group>"; };
		110CAA86215DB7A7006BC527 /* Info.plist */ = {isa = PBXFileReference; lastKnownFileType = text.plist.xml; path = Info.plist; sourceTree = "<group>"; };
		1127EDB1217469CE003CA2C8 /* ZigZagConversionViewController.swift */ = {isa = PBXFileReference; lastKnownFileType = sourcecode.swift; path = ZigZagConversionViewController.swift; sourceTree = "<group>"; };
		1128D7BD2175A81A00B0FD25 /* PalindromeNumberViewController.swift */ = {isa = PBXFileReference; lastKnownFileType = sourcecode.swift; path = PalindromeNumberViewController.swift; sourceTree = "<group>"; };
		1128D7C12175AFE600B0FD25 /* ContainerWithMostWaterViewController.swift */ = {isa = PBXFileReference; lastKnownFileType = sourcecode.swift; path = ContainerWithMostWaterViewController.swift; sourceTree = "<group>"; };
		1128D7C92176023100B0FD25 /* BinarySearchViewController.swift */ = {isa = PBXFileReference; fileEncoding = 4; lastKnownFileType = sourcecode.swift; path = BinarySearchViewController.swift; sourceTree = "<group>"; };
		1128D7CB2176043700B0FD25 /* PoweringANumberViewController.swift */ = {isa = PBXFileReference; lastKnownFileType = sourcecode.swift; path = PoweringANumberViewController.swift; sourceTree = "<group>"; };
		1128D7D42176C83900B0FD25 /* StringsAndCharactersViewController.swift */ = {isa = PBXFileReference; lastKnownFileType = sourcecode.swift; path = StringsAndCharactersViewController.swift; sourceTree = "<group>"; };
		11BF2DEA216D980700060EA1 /* MultiplyStringsViewController.swift */ = {isa = PBXFileReference; lastKnownFileType = sourcecode.swift; path = MultiplyStringsViewController.swift; sourceTree = "<group>"; };
		11BF2DF8216EE32A00060EA1 /* RotateImageViewController.swift */ = {isa = PBXFileReference; lastKnownFileType = sourcecode.swift; path = RotateImageViewController.swift; sourceTree = "<group>"; };
		11BF2E01216F2D5F00060EA1 /* AddTwoNumbersViewController.swift */ = {isa = PBXFileReference; lastKnownFileType = sourcecode.swift; path = AddTwoNumbersViewController.swift; sourceTree = "<group>"; };
		11BF2E0321702CC700060EA1 /* LongestSubstringWithoutRepeatingCharactersViewController.swift */ = {isa = PBXFileReference; lastKnownFileType = sourcecode.swift; path = LongestSubstringWithoutRepeatingCharactersViewController.swift; sourceTree = "<group>"; };
		11BF2E052170334200060EA1 /* MaximumSubarrayViewController.swift */ = {isa = PBXFileReference; lastKnownFileType = sourcecode.swift; path = MaximumSubarrayViewController.swift; sourceTree = "<group>"; };
		11D05350215E07A7000E99FF /* MergeKSortedListsViewController.swift */ = {isa = PBXFileReference; lastKnownFileType = sourcecode.swift; path = MergeKSortedListsViewController.swift; sourceTree = "<group>"; };
		11F3711D215F145F00DD2206 /* TwoSumViewController.swift */ = {isa = PBXFileReference; lastKnownFileType = sourcecode.swift; path = TwoSumViewController.swift; sourceTree = "<group>"; };
		11F3711F215F1EB200DD2206 /* LongestPalindromicSubstringViewController.swift */ = {isa = PBXFileReference; lastKnownFileType = sourcecode.swift; path = LongestPalindromicSubstringViewController.swift; sourceTree = "<group>"; };
/* End PBXFileReference section */

/* Begin PBXFrameworksBuildPhase section */
		110CAA74215DB7A5006BC527 /* Frameworks */ = {
			isa = PBXFrameworksBuildPhase;
			buildActionMask = 2147483647;
			files = (
			);
			runOnlyForDeploymentPostprocessing = 0;
		};
/* End PBXFrameworksBuildPhase section */

/* Begin PBXGroup section */
		110CAA6E215DB7A5006BC527 = {
			isa = PBXGroup;
			children = (
				110CAA79215DB7A5006BC527 /* LeetCodeSolution */,
				110CAA78215DB7A5006BC527 /* Products */,
			);
			sourceTree = "<group>";
		};
		110CAA78215DB7A5006BC527 /* Products */ = {
			isa = PBXGroup;
			children = (
				110CAA77215DB7A5006BC527 /* LeetCodeSolution.app */,
			);
			name = Products;
			sourceTree = "<group>";
		};
		110CAA79215DB7A5006BC527 /* LeetCodeSolution */ = {
			isa = PBXGroup;
			children = (
				1128D7D32176C81C00B0FD25 /* LanguageGuide */,
				1128D7C52176019400B0FD25 /* Other */,
				11BF2DE9216D879F00060EA1 /* 1-50 */,
				110CAA7A215DB7A5006BC527 /* AppDelegate.swift */,
				110CAA7C215DB7A5006BC527 /* ViewController.swift */,
				11D05350215E07A7000E99FF /* MergeKSortedListsViewController.swift */,
				110CAA7E215DB7A5006BC527 /* Main.storyboard */,
				110CAA81215DB7A7006BC527 /* Assets.xcassets */,
				110CAA83215DB7A7006BC527 /* LaunchScreen.storyboard */,
				110CAA86215DB7A7006BC527 /* Info.plist */,
				11F3711D215F145F00DD2206 /* TwoSumViewController.swift */,
				11F3711F215F1EB200DD2206 /* LongestPalindromicSubstringViewController.swift */,
			);
			path = LeetCodeSolution;
			sourceTree = "<group>";
		};
		1128D7C52176019400B0FD25 /* Other */ = {
			isa = PBXGroup;
			children = (
				1128D7C82176021B00B0FD25 /* DivideAndConquer */,
			);
			path = Other;
			sourceTree = "<group>";
		};
		1128D7C82176021B00B0FD25 /* DivideAndConquer */ = {
			isa = PBXGroup;
			children = (
				1128D7C92176023100B0FD25 /* BinarySearchViewController.swift */,
				1128D7CB2176043700B0FD25 /* PoweringANumberViewController.swift */,
			);
			path = DivideAndConquer;
			sourceTree = "<group>";
		};
		1128D7D32176C81C00B0FD25 /* LanguageGuide */ = {
			isa = PBXGroup;
			children = (
				1128D7D42176C83900B0FD25 /* StringsAndCharactersViewController.swift */,
			);
			path = LanguageGuide;
			sourceTree = "<group>";
		};
		11BF2DE9216D879F00060EA1 /* 1-50 */ = {
			isa = PBXGroup;
			children = (
				11BF2E01216F2D5F00060EA1 /* AddTwoNumbersViewController.swift */,
				11BF2E0321702CC700060EA1 /* LongestSubstringWithoutRepeatingCharactersViewController.swift */,
				11BF2DEA216D980700060EA1 /* MultiplyStringsViewController.swift */,
				11BF2DF8216EE32A00060EA1 /* RotateImageViewController.swift */,
				11BF2E052170334200060EA1 /* MaximumSubarrayViewController.swift */,
				1127EDB1217469CE003CA2C8 /* ZigZagConversionViewController.swift */,
				1128D7BD2175A81A00B0FD25 /* PalindromeNumberViewController.swift */,
				1128D7C12175AFE600B0FD25 /* ContainerWithMostWaterViewController.swift */,
			);
			path = "1-50";
			sourceTree = "<group>";
		};
/* End PBXGroup section */

/* Begin PBXNativeTarget section */
		110CAA76215DB7A5006BC527 /* LeetCodeSolution */ = {
			isa = PBXNativeTarget;
			buildConfigurationList = 110CAA89215DB7A7006BC527 /* Build configuration list for PBXNativeTarget "LeetCodeSolution" */;
			buildPhases = (
				110CAA73215DB7A5006BC527 /* Sources */,
				110CAA74215DB7A5006BC527 /* Frameworks */,
				110CAA75215DB7A5006BC527 /* Resources */,
			);
			buildRules = (
			);
			dependencies = (
			);
			name = LeetCodeSolution;
			productName = LeetCodeSolution;
			productReference = 110CAA77215DB7A5006BC527 /* LeetCodeSolution.app */;
			productType = "com.apple.product-type.application";
		};
/* End PBXNativeTarget section */

/* Begin PBXProject section */
		110CAA6F215DB7A5006BC527 /* Project object */ = {
			isa = PBXProject;
			attributes = {
				LastSwiftUpdateCheck = 0940;
				LastUpgradeCheck = 0940;
				ORGANIZATIONNAME = LAH;
				TargetAttributes = {
					110CAA76215DB7A5006BC527 = {
						CreatedOnToolsVersion = 9.4.1;
					};
				};
			};
			buildConfigurationList = 110CAA72215DB7A5006BC527 /* Build configuration list for PBXProject "LeetCodeSolution" */;
			compatibilityVersion = "Xcode 9.3";
			developmentRegion = en;
			hasScannedForEncodings = 0;
			knownRegions = (
				en,
				Base,
			);
			mainGroup = 110CAA6E215DB7A5006BC527;
			productRefGroup = 110CAA78215DB7A5006BC527 /* Products */;
			projectDirPath = "";
			projectRoot = "";
			targets = (
				110CAA76215DB7A5006BC527 /* LeetCodeSolution */,
			);
		};
/* End PBXProject section */

/* Begin PBXResourcesBuildPhase section */
		110CAA75215DB7A5006BC527 /* Resources */ = {
			isa = PBXResourcesBuildPhase;
			buildActionMask = 2147483647;
			files = (
				110CAA85215DB7A7006BC527 /* LaunchScreen.storyboard in Resources */,
				110CAA82215DB7A7006BC527 /* Assets.xcassets in Resources */,
				110CAA80215DB7A5006BC527 /* Main.storyboard in Resources */,
			);
			runOnlyForDeploymentPostprocessing = 0;
		};
/* End PBXResourcesBuildPhase section */

/* Begin PBXSourcesBuildPhase section */
		110CAA73215DB7A5006BC527 /* Sources */ = {
			isa = PBXSourcesBuildPhase;
			buildActionMask = 2147483647;
			files = (
				11BF2E0421702CC700060EA1 /* LongestSubstringWithoutRepeatingCharactersViewController.swift in Sources */,
				110CAA7D215DB7A5006BC527 /* ViewController.swift in Sources */,
				1128D7CA2176023100B0FD25 /* BinarySearchViewController.swift in Sources */,
				1128D7BF2175A81A00B0FD25 /* PalindromeNumberViewController.swift in Sources */,
				1127EDB2217469CE003CA2C8 /* ZigZagConversionViewController.swift in Sources */,
				11F3711E215F145F00DD2206 /* TwoSumViewController.swift in Sources */,
				11BF2DF9216EE32A00060EA1 /* RotateImageViewController.swift in Sources */,
				11D05351215E07A7000E99FF /* MergeKSortedListsViewController.swift in Sources */,
				11BF2DEB216D980700060EA1 /* MultiplyStringsViewController.swift in Sources */,
				11F37120215F1EB200DD2206 /* LongestPalindromicSubstringViewController.swift in Sources */,
				11BF2E02216F2D5F00060EA1 /* AddTwoNumbersViewController.swift in Sources */,
				1128D7C32175AFE700B0FD25 /* ContainerWithMostWaterViewController.swift in Sources */,
				11BF2E062170334200060EA1 /* MaximumSubarrayViewController.swift in Sources */,
				110CAA7B215DB7A5006BC527 /* AppDelegate.swift in Sources */,
				1128D7CC2176043700B0FD25 /* PoweringANumberViewController.swift in Sources */,
				1128D7D52176C83900B0FD25 /* StringsAndCharactersViewController.swift in Sources */,
			);
			runOnlyForDeploymentPostprocessing = 0;
		};
/* End PBXSourcesBuildPhase section */

/* Begin PBXVariantGroup section */
		110CAA7E215DB7A5006BC527 /* Main.storyboard */ = {
			isa = PBXVariantGroup;
			children = (
				110CAA7F215DB7A5006BC527 /* Base */,
			);
			name = Main.storyboard;
			sourceTree = "<group>";
		};
		110CAA83215DB7A7006BC527 /* LaunchScreen.storyboard */ = {
			isa = PBXVariantGroup;
			children = (
				110CAA84215DB7A7006BC527 /* Base */,
			);
			name = LaunchScreen.storyboard;
			sourceTree = "<group>";
		};
/* End PBXVariantGroup section */

/* Begin XCBuildConfiguration section */
		110CAA87215DB7A7006BC527 /* Debug */ = {
			isa = XCBuildConfiguration;
			buildSettings = {
				ALWAYS_SEARCH_USER_PATHS = NO;
				CLANG_ANALYZER_NONNULL = YES;
				CLANG_ANALYZER_NUMBER_OBJECT_CONVERSION = YES_AGGRESSIVE;
				CLANG_CXX_LANGUAGE_STANDARD = "gnu++14";
				CLANG_CXX_LIBRARY = "libc++";
				CLANG_ENABLE_MODULES = YES;
				CLANG_ENABLE_OBJC_ARC = YES;
				CLANG_ENABLE_OBJC_WEAK = YES;
				CLANG_WARN_BLOCK_CAPTURE_AUTORELEASING = YES;
				CLANG_WARN_BOOL_CONVERSION = YES;
				CLANG_WARN_COMMA = YES;
				CLANG_WARN_CONSTANT_CONVERSION = YES;
				CLANG_WARN_DEPRECATED_OBJC_IMPLEMENTATIONS = YES;
				CLANG_WARN_DIRECT_OBJC_ISA_USAGE = YES_ERROR;
				CLANG_WARN_DOCUMENTATION_COMMENTS = YES;
				CLANG_WARN_EMPTY_BODY = YES;
				CLANG_WARN_ENUM_CONVERSION = YES;
				CLANG_WARN_INFINITE_RECURSION = YES;
				CLANG_WARN_INT_CONVERSION = YES;
				CLANG_WARN_NON_LITERAL_NULL_CONVERSION = YES;
				CLANG_WARN_OBJC_IMPLICIT_RETAIN_SELF = YES;
				CLANG_WARN_OBJC_LITERAL_CONVERSION = YES;
				CLANG_WARN_OBJC_ROOT_CLASS = YES_ERROR;
				CLANG_WARN_RANGE_LOOP_ANALYSIS = YES;
				CLANG_WARN_STRICT_PROTOTYPES = YES;
				CLANG_WARN_SUSPICIOUS_MOVE = YES;
				CLANG_WARN_UNGUARDED_AVAILABILITY = YES_AGGRESSIVE;
				CLANG_WARN_UNREACHABLE_CODE = YES;
				CLANG_WARN__DUPLICATE_METHOD_MATCH = YES;
				CODE_SIGN_IDENTITY = "iPhone Developer";
				COPY_PHASE_STRIP = NO;
				DEBUG_INFORMATION_FORMAT = dwarf;
				ENABLE_STRICT_OBJC_MSGSEND = YES;
				ENABLE_TESTABILITY = YES;
				GCC_C_LANGUAGE_STANDARD = gnu11;
				GCC_DYNAMIC_NO_PIC = NO;
				GCC_NO_COMMON_BLOCKS = YES;
				GCC_OPTIMIZATION_LEVEL = 0;
				GCC_PREPROCESSOR_DEFINITIONS = (
					"DEBUG=1",
					"$(inherited)",
				);
				GCC_WARN_64_TO_32_BIT_CONVERSION = YES;
				GCC_WARN_ABOUT_RETURN_TYPE = YES_ERROR;
				GCC_WARN_UNDECLARED_SELECTOR = YES;
				GCC_WARN_UNINITIALIZED_AUTOS = YES_AGGRESSIVE;
				GCC_WARN_UNUSED_FUNCTION = YES;
				GCC_WARN_UNUSED_VARIABLE = YES;
				IPHONEOS_DEPLOYMENT_TARGET = 11.4;
				MTL_ENABLE_DEBUG_INFO = YES;
				ONLY_ACTIVE_ARCH = YES;
				SDKROOT = iphoneos;
				SWIFT_ACTIVE_COMPILATION_CONDITIONS = DEBUG;
				SWIFT_OPTIMIZATION_LEVEL = "-Onone";
			};
			name = Debug;
		};
		110CAA88215DB7A7006BC527 /* Release */ = {
			isa = XCBuildConfiguration;
			buildSettings = {
				ALWAYS_SEARCH_USER_PATHS = NO;
				CLANG_ANALYZER_NONNULL = YES;
				CLANG_ANALYZER_NUMBER_OBJECT_CONVERSION = YES_AGGRESSIVE;
				CLANG_CXX_LANGUAGE_STANDARD = "gnu++14";
				CLANG_CXX_LIBRARY = "libc++";
				CLANG_ENABLE_MODULES = YES;
				CLANG_ENABLE_OBJC_ARC = YES;
				CLANG_ENABLE_OBJC_WEAK = YES;
				CLANG_WARN_BLOCK_CAPTURE_AUTORELEASING = YES;
				CLANG_WARN_BOOL_CONVERSION = YES;
				CLANG_WARN_COMMA = YES;
				CLANG_WARN_CONSTANT_CONVERSION = YES;
				CLANG_WARN_DEPRECATED_OBJC_IMPLEMENTATIONS = YES;
				CLANG_WARN_DIRECT_OBJC_ISA_USAGE = YES_ERROR;
				CLANG_WARN_DOCUMENTATION_COMMENTS = YES;
				CLANG_WARN_EMPTY_BODY = YES;
				CLANG_WARN_ENUM_CONVERSION = YES;
				CLANG_WARN_INFINITE_RECURSION = YES;
				CLANG_WARN_INT_CONVERSION = YES;
				CLANG_WARN_NON_LITERAL_NULL_CONVERSION = YES;
				CLANG_WARN_OBJC_IMPLICIT_RETAIN_SELF = YES;
				CLANG_WARN_OBJC_LITERAL_CONVERSION = YES;
				CLANG_WARN_OBJC_ROOT_CLASS = YES_ERROR;
				CLANG_WARN_RANGE_LOOP_ANALYSIS = YES;
				CLANG_WARN_STRICT_PROTOTYPES = YES;
				CLANG_WARN_SUSPICIOUS_MOVE = YES;
				CLANG_WARN_UNGUARDED_AVAILABILITY = YES_AGGRESSIVE;
				CLANG_WARN_UNREACHABLE_CODE = YES;
				CLANG_WARN__DUPLICATE_METHOD_MATCH = YES;
				CODE_SIGN_IDENTITY = "iPhone Developer";
				COPY_PHASE_STRIP = NO;
				DEBUG_INFORMATION_FORMAT = "dwarf-with-dsym";
				ENABLE_NS_ASSERTIONS = NO;
				ENABLE_STRICT_OBJC_MSGSEND = YES;
				GCC_C_LANGUAGE_STANDARD = gnu11;
				GCC_NO_COMMON_BLOCKS = YES;
				GCC_WARN_64_TO_32_BIT_CONVERSION = YES;
				GCC_WARN_ABOUT_RETURN_TYPE = YES_ERROR;
				GCC_WARN_UNDECLARED_SELECTOR = YES;
				GCC_WARN_UNINITIALIZED_AUTOS = YES_AGGRESSIVE;
				GCC_WARN_UNUSED_FUNCTION = YES;
				GCC_WARN_UNUSED_VARIABLE = YES;
				IPHONEOS_DEPLOYMENT_TARGET = 11.4;
				MTL_ENABLE_DEBUG_INFO = NO;
				SDKROOT = iphoneos;
				SWIFT_COMPILATION_MODE = wholemodule;
				SWIFT_OPTIMIZATION_LEVEL = "-O";
				VALIDATE_PRODUCT = YES;
			};
			name = Release;
		};
		110CAA8A215DB7A7006BC527 /* Debug */ = {
			isa = XCBuildConfiguration;
			buildSettings = {
				ASSETCATALOG_COMPILER_APPICON_NAME = AppIcon;
				CODE_SIGN_STYLE = Automatic;
				DEVELOPMENT_TEAM = SZT3QS42T8;
				INFOPLIST_FILE = LeetCodeSolution/Info.plist;
				LD_RUNPATH_SEARCH_PATHS = (
					"$(inherited)",
					"@executable_path/Frameworks",
				);
				PRODUCT_BUNDLE_IDENTIFIER = com.hcy.www.LeetCodeSolution;
				PRODUCT_NAME = "$(TARGET_NAME)";
				SWIFT_VERSION = 4.0;
				TARGETED_DEVICE_FAMILY = "1,2";
			};
			name = Debug;
		};
		110CAA8B215DB7A7006BC527 /* Release */ = {
			isa = XCBuildConfiguration;
			buildSettings = {
				ASSETCATALOG_COMPILER_APPICON_NAME = AppIcon;
				CODE_SIGN_STYLE = Automatic;
				DEVELOPMENT_TEAM = SZT3QS42T8;
				INFOPLIST_FILE = LeetCodeSolution/Info.plist;
				LD_RUNPATH_SEARCH_PATHS = (
					"$(inherited)",
					"@executable_path/Frameworks",
				);
				PRODUCT_BUNDLE_IDENTIFIER = com.hcy.www.LeetCodeSolution;
				PRODUCT_NAME = "$(TARGET_NAME)";
				SWIFT_VERSION = 4.0;
				TARGETED_DEVICE_FAMILY = "1,2";
			};
			name = Release;
		};
/* End XCBuildConfiguration section */

/* Begin XCConfigurationList section */
		110CAA72215DB7A5006BC527 /* Build configuration list for PBXProject "LeetCodeSolution" */ = {
			isa = XCConfigurationList;
			buildConfigurations = (
				110CAA87215DB7A7006BC527 /* Debug */,
				110CAA88215DB7A7006BC527 /* Release */,
			);
			defaultConfigurationIsVisible = 0;
			defaultConfigurationName = Release;
		};
		110CAA89215DB7A7006BC527 /* Build configuration list for PBXNativeTarget "LeetCodeSolution" */ = {
			isa = XCConfigurationList;
			buildConfigurations = (
				110CAA8A215DB7A7006BC527 /* Debug */,
				110CAA8B215DB7A7006BC527 /* Release */,
			);
			defaultConfigurationIsVisible = 0;
			defaultConfigurationName = Release;
		};
/* End XCConfigurationList section */
	};
	rootObject = 110CAA6F215DB7A5006BC527 /* Project object */;
}
